
Microsoft Visual Studio Solution File, Format Version 12.00
# Visual Studio 15
VisualStudioVersion = 15.0.28010.2016
MinimumVisualStudioVersion = 10.0.40219.1
Project("{FAE04EC0-301F-11D3-BF4B-00C04F79EFBC}") = "Auxiliary", "Auxiliary\Auxiliary.csproj", "{C6E09BBA-2A95-4B06-98EC-02B3259698F1}"
EndProject
Project("{FAE04EC0-301F-11D3-BF4B-00C04F79EFBC}") = "Agent", "Agent\Agent.csproj", "{E093E9E9-6081-4EA9-978A-BB3EB7B45A0F}"
EndProject
Project("{FAE04EC0-301F-11D3-BF4B-00C04F79EFBC}") = "NeuralNets", "NeuralNet\NeuralNets.csproj", "{3F315DFA-E462-486D-90E8-BBBFC049EAC4}"
EndProject
Project("{FAE04EC0-301F-11D3-BF4B-00C04F79EFBC}") = "Simulations", "Simulation\Simulations.csproj", "{CB4C0DE7-23E9-4A3B-884F-F4071DF4DF30}"
EndProject
Project("{FAE04EC0-301F-11D3-BF4B-00C04F79EFBC}") = "Teams", "Team\Teams.csproj", "{BF919043-20A4-4388-A33E-22BE06BC2D46}"
EndProject
Project("{FAE04EC0-301F-11D3-BF4B-00C04F79EFBC}") = "World", "World\World.csproj", "{7F08752F-AC86-42B2-97AE-2C85E078F02B}"
EndProject
Project("{FAE04EC0-301F-11D3-BF4B-00C04F79EFBC}") = "ActivationFunction", "ActivationFunctions\ActivationFunction.csproj", "{E5102EB9-13C9-4B3F-9F10-1CB53932FD66}"
EndProject
Project("{FAE04EC0-301F-11D3-BF4B-00C04F79EFBC}") = "UnitTests", "UnitTests\UnitTests.csproj", "{21FFB195-5952-452E-A4D1-A352165D81D4}"
EndProject
Project("{FAE04EC0-301F-11D3-BF4B-00C04F79EFBC}") = "HerdingSimConsole", "HerdingSimConsole\HerdingSimConsole.csproj", "{51F95F61-5C52-41BD-8FBA-EBF30F2E31EF}"
EndProject
Project("{FAE04EC0-301F-11D3-BF4B-00C04F79EFBC}") = "Repository", "Repository\Repository.csproj", "{B2DD7D79-D74C-4BE5-9941-F3261FDEB21A}"
EndProject
Project("{FAE04EC0-301F-11D3-BF4B-00C04F79EFBC}") = "HerdingViewer", "View\HerdingViewer.csproj", "{3C6E1D3B-7381-4DD1-8C77-54BDDE6BF2E3}"
EndProject
Global
	GlobalSection(SolutionConfigurationPlatforms) = preSolution
		Debug|Any CPU = Debug|Any CPU
		Debug|x86 = Debug|x86
		Release|Any CPU = Release|Any CPU
		Release|x86 = Release|x86
	EndGlobalSection
	GlobalSection(ProjectConfigurationPlatforms) = postSolution
		{C6E09BBA-2A95-4B06-98EC-02B3259698F1}.Debug|Any CPU.ActiveCfg = Debug|Any CPU
		{C6E09BBA-2A95-4B06-98EC-02B3259698F1}.Debug|Any CPU.Build.0 = Debug|Any CPU
		{C6E09BBA-2A95-4B06-98EC-02B3259698F1}.Debug|x86.ActiveCfg = Debug|Any CPU
		{C6E09BBA-2A95-4B06-98EC-02B3259698F1}.Debug|x86.Build.0 = Debug|Any CPU
		{C6E09BBA-2A95-4B06-98EC-02B3259698F1}.Release|Any CPU.ActiveCfg = Release|Any CPU
		{C6E09BBA-2A95-4B06-98EC-02B3259698F1}.Release|Any CPU.Build.0 = Release|Any CPU
		{C6E09BBA-2A95-4B06-98EC-02B3259698F1}.Release|x86.ActiveCfg = Release|Any CPU
		{C6E09BBA-2A95-4B06-98EC-02B3259698F1}.Release|x86.Build.0 = Release|Any CPU
		{E093E9E9-6081-4EA9-978A-BB3EB7B45A0F}.Debug|Any CPU.ActiveCfg = Debug|Any CPU
		{E093E9E9-6081-4EA9-978A-BB3EB7B45A0F}.Debug|Any CPU.Build.0 = Debug|Any CPU
		{E093E9E9-6081-4EA9-978A-BB3EB7B45A0F}.Debug|x86.ActiveCfg = Debug|Any CPU
		{E093E9E9-6081-4EA9-978A-BB3EB7B45A0F}.Debug|x86.Build.0 = Debug|Any CPU
		{E093E9E9-6081-4EA9-978A-BB3EB7B45A0F}.Release|Any CPU.ActiveCfg = Release|Any CPU
		{E093E9E9-6081-4EA9-978A-BB3EB7B45A0F}.Release|Any CPU.Build.0 = Release|Any CPU
		{E093E9E9-6081-4EA9-978A-BB3EB7B45A0F}.Release|x86.ActiveCfg = Release|Any CPU
		{E093E9E9-6081-4EA9-978A-BB3EB7B45A0F}.Release|x86.Build.0 = Release|Any CPU
		{3F315DFA-E462-486D-90E8-BBBFC049EAC4}.Debug|Any CPU.ActiveCfg = Debug|Any CPU
		{3F315DFA-E462-486D-90E8-BBBFC049EAC4}.Debug|Any CPU.Build.0 = Debug|Any CPU
		{3F315DFA-E462-486D-90E8-BBBFC049EAC4}.Debug|x86.ActiveCfg = Debug|Any CPU
		{3F315DFA-E462-486D-90E8-BBBFC049EAC4}.Debug|x86.Build.0 = Debug|Any CPU
		{3F315DFA-E462-486D-90E8-BBBFC049EAC4}.Release|Any CPU.ActiveCfg = Release|Any CPU
		{3F315DFA-E462-486D-90E8-BBBFC049EAC4}.Release|Any CPU.Build.0 = Release|Any CPU
		{3F315DFA-E462-486D-90E8-BBBFC049EAC4}.Release|x86.ActiveCfg = Release|Any CPU
		{3F315DFA-E462-486D-90E8-BBBFC049EAC4}.Release|x86.Build.0 = Release|Any CPU
		{CB4C0DE7-23E9-4A3B-884F-F4071DF4DF30}.Debug|Any CPU.ActiveCfg = Debug|Any CPU
		{CB4C0DE7-23E9-4A3B-884F-F4071DF4DF30}.Debug|Any CPU.Build.0 = Debug|Any CPU
		{CB4C0DE7-23E9-4A3B-884F-F4071DF4DF30}.Debug|x86.ActiveCfg = Debug|Any CPU
		{CB4C0DE7-23E9-4A3B-884F-F4071DF4DF30}.Debug|x86.Build.0 = Debug|Any CPU
		{CB4C0DE7-23E9-4A3B-884F-F4071DF4DF30}.Release|Any CPU.ActiveCfg = Release|Any CPU
		{CB4C0DE7-23E9-4A3B-884F-F4071DF4DF30}.Release|Any CPU.Build.0 = Release|Any CPU
		{CB4C0DE7-23E9-4A3B-884F-F4071DF4DF30}.Release|x86.ActiveCfg = Release|Any CPU
		{CB4C0DE7-23E9-4A3B-884F-F4071DF4DF30}.Release|x86.Build.0 = Release|Any CPU
		{BF919043-20A4-4388-A33E-22BE06BC2D46}.Debug|Any CPU.ActiveCfg = Debug|Any CPU
		{BF919043-20A4-4388-A33E-22BE06BC2D46}.Debug|Any CPU.Build.0 = Debug|Any CPU
		{BF919043-20A4-4388-A33E-22BE06BC2D46}.Debug|x86.ActiveCfg = Debug|Any CPU
		{BF919043-20A4-4388-A33E-22BE06BC2D46}.Debug|x86.Build.0 = Debug|Any CPU
		{BF919043-20A4-4388-A33E-22BE06BC2D46}.Release|Any CPU.ActiveCfg = Release|Any CPU
		{BF919043-20A4-4388-A33E-22BE06BC2D46}.Release|Any CPU.Build.0 = Release|Any CPU
		{BF919043-20A4-4388-A33E-22BE06BC2D46}.Release|x86.ActiveCfg = Release|Any CPU
		{BF919043-20A4-4388-A33E-22BE06BC2D46}.Release|x86.Build.0 = Release|Any CPU
		{7F08752F-AC86-42B2-97AE-2C85E078F02B}.Debug|Any CPU.ActiveCfg = Debug|Any CPU
		{7F08752F-AC86-42B2-97AE-2C85E078F02B}.Debug|Any CPU.Build.0 = Debug|Any CPU
		{7F08752F-AC86-42B2-97AE-2C85E078F02B}.Debug|x86.ActiveCfg = Debug|Any CPU
		{7F08752F-AC86-42B2-97AE-2C85E078F02B}.Debug|x86.Build.0 = Debug|Any CPU
		{7F08752F-AC86-42B2-97AE-2C85E078F02B}.Release|Any CPU.ActiveCfg = Release|Any CPU
		{7F08752F-AC86-42B2-97AE-2C85E078F02B}.Release|Any CPU.Build.0 = Release|Any CPU
		{7F08752F-AC86-42B2-97AE-2C85E078F02B}.Release|x86.ActiveCfg = Release|Any CPU
		{7F08752F-AC86-42B2-97AE-2C85E078F02B}.Release|x86.Build.0 = Release|Any CPU
		{E5102EB9-13C9-4B3F-9F10-1CB53932FD66}.Debug|Any CPU.ActiveCfg = Debug|Any CPU
		{E5102EB9-13C9-4B3F-9F10-1CB53932FD66}.Debug|Any CPU.Build.0 = Debug|Any CPU
		{E5102EB9-13C9-4B3F-9F10-1CB53932FD66}.Debug|x86.ActiveCfg = Debug|Any CPU
		{E5102EB9-13C9-4B3F-9F10-1CB53932FD66}.Debug|x86.Build.0 = Debug|Any CPU
		{E5102EB9-13C9-4B3F-9F10-1CB53932FD66}.Release|Any CPU.ActiveCfg = Release|Any CPU
		{E5102EB9-13C9-4B3F-9F10-1CB53932FD66}.Release|Any CPU.Build.0 = Release|Any CPU
		{E5102EB9-13C9-4B3F-9F10-1CB53932FD66}.Release|x86.ActiveCfg = Release|Any CPU
		{E5102EB9-13C9-4B3F-9F10-1CB53932FD66}.Release|x86.Build.0 = Release|Any CPU
		{21FFB195-5952-452E-A4D1-A352165D81D4}.Debug|Any CPU.ActiveCfg = Debug|Any CPU
		{21FFB195-5952-452E-A4D1-A352165D81D4}.Debug|Any CPU.Build.0 = Debug|Any CPU
		{21FFB195-5952-452E-A4D1-A352165D81D4}.Debug|x86.ActiveCfg = Debug|Any CPU
		{21FFB195-5952-452E-A4D1-A352165D81D4}.Debug|x86.Build.0 = Debug|Any CPU
		{21FFB195-5952-452E-A4D1-A352165D81D4}.Release|Any CPU.ActiveCfg = Release|Any CPU
		{21FFB195-5952-452E-A4D1-A352165D81D4}.Release|Any CPU.Build.0 = Release|Any CPU
		{21FFB195-5952-452E-A4D1-A352165D81D4}.Release|x86.ActiveCfg = Release|Any CPU
		{21FFB195-5952-452E-A4D1-A352165D81D4}.Release|x86.Build.0 = Release|Any CPU
		{51F95F61-5C52-41BD-8FBA-EBF30F2E31EF}.Debug|Any CPU.ActiveCfg = Debug|Any CPU
		{51F95F61-5C52-41BD-8FBA-EBF30F2E31EF}.Debug|Any CPU.Build.0 = Debug|Any CPU
		{51F95F61-5C52-41BD-8FBA-EBF30F2E31EF}.Debug|x86.ActiveCfg = Debug|Any CPU
		{51F95F61-5C52-41BD-8FBA-EBF30F2E31EF}.Debug|x86.Build.0 = Debug|Any CPU
		{51F95F61-5C52-41BD-8FBA-EBF30F2E31EF}.Release|Any CPU.ActiveCfg = Release|Any CPU
		{51F95F61-5C52-41BD-8FBA-EBF30F2E31EF}.Release|Any CPU.Build.0 = Release|Any CPU
		{51F95F61-5C52-41BD-8FBA-EBF30F2E31EF}.Release|x86.ActiveCfg = Release|Any CPU
		{51F95F61-5C52-41BD-8FBA-EBF30F2E31EF}.Release|x86.Build.0 = Release|Any CPU
		{B2DD7D79-D74C-4BE5-9941-F3261FDEB21A}.Debug|Any CPU.ActiveCfg = Debug|Any CPU
		{B2DD7D79-D74C-4BE5-9941-F3261FDEB21A}.Debug|Any CPU.Build.0 = Debug|Any CPU
		{B2DD7D79-D74C-4BE5-9941-F3261FDEB21A}.Debug|x86.ActiveCfg = Debug|Any CPU
		{B2DD7D79-D74C-4BE5-9941-F3261FDEB21A}.Debug|x86.Build.0 = Debug|Any CPU
		{B2DD7D79-D74C-4BE5-9941-F3261FDEB21A}.Release|Any CPU.ActiveCfg = Release|Any CPU
		{B2DD7D79-D74C-4BE5-9941-F3261FDEB21A}.Release|Any CPU.Build.0 = Release|Any CPU
		{B2DD7D79-D74C-4BE5-9941-F3261FDEB21A}.Release|x86.ActiveCfg = Release|Any CPU
		{B2DD7D79-D74C-4BE5-9941-F3261FDEB21A}.Release|x86.Build.0 = Release|Any CPU
		{3C6E1D3B-7381-4DD1-8C77-54BDDE6BF2E3}.Debug|Any CPU.ActiveCfg = Debug|x86
		{3C6E1D3B-7381-4DD1-8C77-54BDDE6BF2E3}.Debug|x86.ActiveCfg = Debug|x86
		{3C6E1D3B-7381-4DD1-8C77-54BDDE6BF2E3}.Debug|x86.Build.0 = Debug|x86
		{3C6E1D3B-7381-4DD1-8C77-54BDDE6BF2E3}.Release|Any CPU.ActiveCfg = Release|x86
		{3C6E1D3B-7381-4DD1-8C77-54BDDE6BF2E3}.Release|x86.ActiveCfg = Release|x86
		{3C6E1D3B-7381-4DD1-8C77-54BDDE6BF2E3}.Release|x86.Build.0 = Release|x86
	EndGlobalSection
	GlobalSection(SolutionProperties) = preSolution
		HideSolutionNode = FALSE
	EndGlobalSection
	GlobalSection(ExtensibilityGlobals) = postSolution
		SolutionGuid = {CA6ECE33-864B-4FE9-ADFA-4E5972403552}
	EndGlobalSection
EndGlobal
