
Microsoft Visual Studio Solution File, Format Version 12.00
# Visual Studio Version 16
VisualStudioVersion = 16.0.30611.23
MinimumVisualStudioVersion = 10.0.40219.1
Project("{FAE04EC0-301F-11D3-BF4B-00C04F79EFBC}") = "Auxiliary", "Auxiliary\Auxiliary.csproj", "{C6E09BBA-2A95-4B06-98EC-02B3259698F1}"
EndProject
Project("{FAE04EC0-301F-11D3-BF4B-00C04F79EFBC}") = "Agent", "Agent\Agent.csproj", "{E093E9E9-6081-4EA9-978A-BB3EB7B45A0F}"
EndProject
Project("{FAE04EC0-301F-11D3-BF4B-00C04F79EFBC}") = "NeuralNets", "NeuralNet\NeuralNets.csproj", "{3F315DFA-E462-486D-90E8-BBBFC049EAC4}"
EndProject
Project("{FAE04EC0-301F-11D3-BF4B-00C04F79EFBC}") = "Simulations", "Simulation\Simulations.csproj", "{CB4C0DE7-23E9-4A3B-884F-F4071DF4DF30}"
EndProject
Project("{FAE04EC0-301F-11D3-BF4B-00C04F79EFBC}") = "Teams", "Team\Teams.csproj", "{BF919043-20A4-4388-A33E-22BE06BC2D46}"
EndProject
Project("{FAE04EC0-301F-11D3-BF4B-00C04F79EFBC}") = "World", "World\World.csproj", "{7F08752F-AC86-42B2-97AE-2C85E078F02B}"
EndProject
Project("{FAE04EC0-301F-11D3-BF4B-00C04F79EFBC}") = "ActivationFunction", "ActivationFunctions\ActivationFunction.csproj", "{E5102EB9-13C9-4B3F-9F10-1CB53932FD66}"
EndProject
Project("{FAE04EC0-301F-11D3-BF4B-00C04F79EFBC}") = "HerdingSimConsole", "HerdingSimConsole\HerdingSimConsole.csproj", "{51F95F61-5C52-41BD-8FBA-EBF30F2E31EF}"
EndProject
Project("{FAE04EC0-301F-11D3-BF4B-00C04F79EFBC}") = "Repository", "Repository\Repository.csproj", "{B2DD7D79-D74C-4BE5-9941-F3261FDEB21A}"
EndProject
Project("{FAE04EC0-301F-11D3-BF4B-00C04F79EFBC}") = "HerdingViewer", "HerdingViewer\HerdingViewer.csproj", "{3C6E1D3B-7381-4DD1-8C77-54BDDE6BF2E3}"
EndProject
Project("{2150E333-8FDC-42A3-9474-1A3956D46DE8}") = "SShepardDotNet5", "SShepardDotNet5", "{1EA5C531-DCB7-4F69-B8E5-20C721D62F22}"
EndProject
Project("{9A19103F-16F7-4668-BE54-9A1E7A4F7556}") = "Auxiliary", "SShepardDotNet5\Auxiliary\Auxiliary.csproj", "{C8446BA3-983D-4788-9D76-B4716EEB191B}"
EndProject
Project("{9A19103F-16F7-4668-BE54-9A1E7A4F7556}") = "ActivationFunction", "SShepardDotNet5\ActivationFunction\ActivationFunction.csproj", "{A10AAE48-9D41-4FEE-B6D0-2F2A58658F53}"
EndProject
Project("{9A19103F-16F7-4668-BE54-9A1E7A4F7556}") = "NeuralNet", "SShepardDotNet5\NeuralNet\NeuralNet.csproj", "{578DB48E-F630-4DF2-BD3D-AB75F321A2DF}"
EndProject
Project("{9A19103F-16F7-4668-BE54-9A1E7A4F7556}") = "Agent", "SShepardDotNet5\Agent\Agent.csproj", "{D4494E41-71C6-44B7-98F0-D1790F1C9303}"
EndProject
Project("{9A19103F-16F7-4668-BE54-9A1E7A4F7556}") = "HerdingSimConsole", "SShepardDotNet5\HerdingSimConsole\HerdingSimConsole.csproj", "{5D205475-B690-46BE-A8D7-6A4D162CB738}"
EndProject
Project("{9A19103F-16F7-4668-BE54-9A1E7A4F7556}") = "HerdingViewer", "SShepardDotNet5\HerdingViewer\HerdingViewer.csproj", "{F0E7B0AF-8A92-41ED-8D5D-183BBAB103BB}"
EndProject
Project("{9A19103F-16F7-4668-BE54-9A1E7A4F7556}") = "Repository", "SShepardDotNet5\Repository\Repository.csproj", "{2F2016AF-CC2B-4F51-8440-D942EC73A168}"
EndProject
Project("{9A19103F-16F7-4668-BE54-9A1E7A4F7556}") = "Simulation", "SShepardDotNet5\Simulation\Simulation.csproj", "{35B04F21-4198-408A-9704-584663FD3C4D}"
EndProject
Project("{9A19103F-16F7-4668-BE54-9A1E7A4F7556}") = "Team", "SShepardDotNet5\Team\Team.csproj", "{4773F5B7-8806-46DA-8F16-656B0FBA4D8E}"
EndProject
Project("{9A19103F-16F7-4668-BE54-9A1E7A4F7556}") = "World", "SShepardDotNet5\World\World.csproj", "{2FEA3773-5A35-4632-B54E-829CF8D50D61}"
EndProject
Global
	GlobalSection(SolutionConfigurationPlatforms) = preSolution
		Debug|Any CPU = Debug|Any CPU
		Debug|x86 = Debug|x86
		Release|Any CPU = Release|Any CPU
		Release|x86 = Release|x86
	EndGlobalSection
	GlobalSection(ProjectConfigurationPlatforms) = postSolution
		{C6E09BBA-2A95-4B06-98EC-02B3259698F1}.Debug|Any CPU.ActiveCfg = Debug|Any CPU
		{C6E09BBA-2A95-4B06-98EC-02B3259698F1}.Debug|Any CPU.Build.0 = Debug|Any CPU
		{C6E09BBA-2A95-4B06-98EC-02B3259698F1}.Debug|x86.ActiveCfg = Debug|Any CPU
		{C6E09BBA-2A95-4B06-98EC-02B3259698F1}.Debug|x86.Build.0 = Debug|Any CPU
		{C6E09BBA-2A95-4B06-98EC-02B3259698F1}.Release|Any CPU.ActiveCfg = Release|Any CPU
		{C6E09BBA-2A95-4B06-98EC-02B3259698F1}.Release|Any CPU.Build.0 = Release|Any CPU
		{C6E09BBA-2A95-4B06-98EC-02B3259698F1}.Release|x86.ActiveCfg = Release|Any CPU
		{C6E09BBA-2A95-4B06-98EC-02B3259698F1}.Release|x86.Build.0 = Release|Any CPU
		{E093E9E9-6081-4EA9-978A-BB3EB7B45A0F}.Debug|Any CPU.ActiveCfg = Debug|Any CPU
		{E093E9E9-6081-4EA9-978A-BB3EB7B45A0F}.Debug|Any CPU.Build.0 = Debug|Any CPU
		{E093E9E9-6081-4EA9-978A-BB3EB7B45A0F}.Debug|x86.ActiveCfg = Debug|Any CPU
		{E093E9E9-6081-4EA9-978A-BB3EB7B45A0F}.Debug|x86.Build.0 = Debug|Any CPU
		{E093E9E9-6081-4EA9-978A-BB3EB7B45A0F}.Release|Any CPU.ActiveCfg = Release|Any CPU
		{E093E9E9-6081-4EA9-978A-BB3EB7B45A0F}.Release|Any CPU.Build.0 = Release|Any CPU
		{E093E9E9-6081-4EA9-978A-BB3EB7B45A0F}.Release|x86.ActiveCfg = Release|Any CPU
		{E093E9E9-6081-4EA9-978A-BB3EB7B45A0F}.Release|x86.Build.0 = Release|Any CPU
		{3F315DFA-E462-486D-90E8-BBBFC049EAC4}.Debug|Any CPU.ActiveCfg = Debug|Any CPU
		{3F315DFA-E462-486D-90E8-BBBFC049EAC4}.Debug|Any CPU.Build.0 = Debug|Any CPU
		{3F315DFA-E462-486D-90E8-BBBFC049EAC4}.Debug|x86.ActiveCfg = Debug|Any CPU
		{3F315DFA-E462-486D-90E8-BBBFC049EAC4}.Debug|x86.Build.0 = Debug|Any CPU
		{3F315DFA-E462-486D-90E8-BBBFC049EAC4}.Release|Any CPU.ActiveCfg = Release|Any CPU
		{3F315DFA-E462-486D-90E8-BBBFC049EAC4}.Release|Any CPU.Build.0 = Release|Any CPU
		{3F315DFA-E462-486D-90E8-BBBFC049EAC4}.Release|x86.ActiveCfg = Release|Any CPU
		{3F315DFA-E462-486D-90E8-BBBFC049EAC4}.Release|x86.Build.0 = Release|Any CPU
		{CB4C0DE7-23E9-4A3B-884F-F4071DF4DF30}.Debug|Any CPU.ActiveCfg = Debug|Any CPU
		{CB4C0DE7-23E9-4A3B-884F-F4071DF4DF30}.Debug|Any CPU.Build.0 = Debug|Any CPU
		{CB4C0DE7-23E9-4A3B-884F-F4071DF4DF30}.Debug|x86.ActiveCfg = Debug|Any CPU
		{CB4C0DE7-23E9-4A3B-884F-F4071DF4DF30}.Debug|x86.Build.0 = Debug|Any CPU
		{CB4C0DE7-23E9-4A3B-884F-F4071DF4DF30}.Release|Any CPU.ActiveCfg = Release|Any CPU
		{CB4C0DE7-23E9-4A3B-884F-F4071DF4DF30}.Release|Any CPU.Build.0 = Release|Any CPU
		{CB4C0DE7-23E9-4A3B-884F-F4071DF4DF30}.Release|x86.ActiveCfg = Release|Any CPU
		{CB4C0DE7-23E9-4A3B-884F-F4071DF4DF30}.Release|x86.Build.0 = Release|Any CPU
		{BF919043-20A4-4388-A33E-22BE06BC2D46}.Debug|Any CPU.ActiveCfg = Debug|Any CPU
		{BF919043-20A4-4388-A33E-22BE06BC2D46}.Debug|Any CPU.Build.0 = Debug|Any CPU
		{BF919043-20A4-4388-A33E-22BE06BC2D46}.Debug|x86.ActiveCfg = Debug|Any CPU
		{BF919043-20A4-4388-A33E-22BE06BC2D46}.Debug|x86.Build.0 = Debug|Any CPU
		{BF919043-20A4-4388-A33E-22BE06BC2D46}.Release|Any CPU.ActiveCfg = Release|Any CPU
		{BF919043-20A4-4388-A33E-22BE06BC2D46}.Release|Any CPU.Build.0 = Release|Any CPU
		{BF919043-20A4-4388-A33E-22BE06BC2D46}.Release|x86.ActiveCfg = Release|Any CPU
		{BF919043-20A4-4388-A33E-22BE06BC2D46}.Release|x86.Build.0 = Release|Any CPU
		{7F08752F-AC86-42B2-97AE-2C85E078F02B}.Debug|Any CPU.ActiveCfg = Debug|Any CPU
		{7F08752F-AC86-42B2-97AE-2C85E078F02B}.Debug|Any CPU.Build.0 = Debug|Any CPU
		{7F08752F-AC86-42B2-97AE-2C85E078F02B}.Debug|x86.ActiveCfg = Debug|Any CPU
		{7F08752F-AC86-42B2-97AE-2C85E078F02B}.Debug|x86.Build.0 = Debug|Any CPU
		{7F08752F-AC86-42B2-97AE-2C85E078F02B}.Release|Any CPU.ActiveCfg = Release|Any CPU
		{7F08752F-AC86-42B2-97AE-2C85E078F02B}.Release|Any CPU.Build.0 = Release|Any CPU
		{7F08752F-AC86-42B2-97AE-2C85E078F02B}.Release|x86.ActiveCfg = Release|Any CPU
		{7F08752F-AC86-42B2-97AE-2C85E078F02B}.Release|x86.Build.0 = Release|Any CPU
		{E5102EB9-13C9-4B3F-9F10-1CB53932FD66}.Debug|Any CPU.ActiveCfg = Debug|Any CPU
		{E5102EB9-13C9-4B3F-9F10-1CB53932FD66}.Debug|Any CPU.Build.0 = Debug|Any CPU
		{E5102EB9-13C9-4B3F-9F10-1CB53932FD66}.Debug|x86.ActiveCfg = Debug|Any CPU
		{E5102EB9-13C9-4B3F-9F10-1CB53932FD66}.Debug|x86.Build.0 = Debug|Any CPU
		{E5102EB9-13C9-4B3F-9F10-1CB53932FD66}.Release|Any CPU.ActiveCfg = Release|Any CPU
		{E5102EB9-13C9-4B3F-9F10-1CB53932FD66}.Release|Any CPU.Build.0 = Release|Any CPU
		{E5102EB9-13C9-4B3F-9F10-1CB53932FD66}.Release|x86.ActiveCfg = Release|Any CPU
		{E5102EB9-13C9-4B3F-9F10-1CB53932FD66}.Release|x86.Build.0 = Release|Any CPU
		{51F95F61-5C52-41BD-8FBA-EBF30F2E31EF}.Debug|Any CPU.ActiveCfg = Debug|Any CPU
		{51F95F61-5C52-41BD-8FBA-EBF30F2E31EF}.Debug|Any CPU.Build.0 = Debug|Any CPU
		{51F95F61-5C52-41BD-8FBA-EBF30F2E31EF}.Debug|x86.ActiveCfg = Debug|Any CPU
		{51F95F61-5C52-41BD-8FBA-EBF30F2E31EF}.Debug|x86.Build.0 = Debug|Any CPU
		{51F95F61-5C52-41BD-8FBA-EBF30F2E31EF}.Release|Any CPU.ActiveCfg = Release|Any CPU
		{51F95F61-5C52-41BD-8FBA-EBF30F2E31EF}.Release|Any CPU.Build.0 = Release|Any CPU
		{51F95F61-5C52-41BD-8FBA-EBF30F2E31EF}.Release|x86.ActiveCfg = Release|Any CPU
		{51F95F61-5C52-41BD-8FBA-EBF30F2E31EF}.Release|x86.Build.0 = Release|Any CPU
		{B2DD7D79-D74C-4BE5-9941-F3261FDEB21A}.Debug|Any CPU.ActiveCfg = Debug|Any CPU
		{B2DD7D79-D74C-4BE5-9941-F3261FDEB21A}.Debug|Any CPU.Build.0 = Debug|Any CPU
		{B2DD7D79-D74C-4BE5-9941-F3261FDEB21A}.Debug|x86.ActiveCfg = Debug|Any CPU
		{B2DD7D79-D74C-4BE5-9941-F3261FDEB21A}.Debug|x86.Build.0 = Debug|Any CPU
		{B2DD7D79-D74C-4BE5-9941-F3261FDEB21A}.Release|Any CPU.ActiveCfg = Release|Any CPU
		{B2DD7D79-D74C-4BE5-9941-F3261FDEB21A}.Release|Any CPU.Build.0 = Release|Any CPU
		{B2DD7D79-D74C-4BE5-9941-F3261FDEB21A}.Release|x86.ActiveCfg = Release|Any CPU
		{B2DD7D79-D74C-4BE5-9941-F3261FDEB21A}.Release|x86.Build.0 = Release|Any CPU
		{3C6E1D3B-7381-4DD1-8C77-54BDDE6BF2E3}.Debug|Any CPU.ActiveCfg = Debug|x86
		{3C6E1D3B-7381-4DD1-8C77-54BDDE6BF2E3}.Debug|x86.ActiveCfg = Debug|x86
		{3C6E1D3B-7381-4DD1-8C77-54BDDE6BF2E3}.Debug|x86.Build.0 = Debug|x86
		{3C6E1D3B-7381-4DD1-8C77-54BDDE6BF2E3}.Release|Any CPU.ActiveCfg = Release|x86
		{3C6E1D3B-7381-4DD1-8C77-54BDDE6BF2E3}.Release|x86.ActiveCfg = Release|x86
		{3C6E1D3B-7381-4DD1-8C77-54BDDE6BF2E3}.Release|x86.Build.0 = Release|x86
		{C8446BA3-983D-4788-9D76-B4716EEB191B}.Debug|Any CPU.ActiveCfg = Debug|Any CPU
		{C8446BA3-983D-4788-9D76-B4716EEB191B}.Debug|Any CPU.Build.0 = Debug|Any CPU
		{C8446BA3-983D-4788-9D76-B4716EEB191B}.Debug|x86.ActiveCfg = Debug|Any CPU
		{C8446BA3-983D-4788-9D76-B4716EEB191B}.Debug|x86.Build.0 = Debug|Any CPU
		{C8446BA3-983D-4788-9D76-B4716EEB191B}.Release|Any CPU.ActiveCfg = Release|Any CPU
		{C8446BA3-983D-4788-9D76-B4716EEB191B}.Release|Any CPU.Build.0 = Release|Any CPU
		{C8446BA3-983D-4788-9D76-B4716EEB191B}.Release|x86.ActiveCfg = Release|Any CPU
		{C8446BA3-983D-4788-9D76-B4716EEB191B}.Release|x86.Build.0 = Release|Any CPU
		{A10AAE48-9D41-4FEE-B6D0-2F2A58658F53}.Debug|Any CPU.ActiveCfg = Debug|Any CPU
		{A10AAE48-9D41-4FEE-B6D0-2F2A58658F53}.Debug|Any CPU.Build.0 = Debug|Any CPU
		{A10AAE48-9D41-4FEE-B6D0-2F2A58658F53}.Debug|x86.ActiveCfg = Debug|Any CPU
		{A10AAE48-9D41-4FEE-B6D0-2F2A58658F53}.Debug|x86.Build.0 = Debug|Any CPU
		{A10AAE48-9D41-4FEE-B6D0-2F2A58658F53}.Release|Any CPU.ActiveCfg = Release|Any CPU
		{A10AAE48-9D41-4FEE-B6D0-2F2A58658F53}.Release|Any CPU.Build.0 = Release|Any CPU
		{A10AAE48-9D41-4FEE-B6D0-2F2A58658F53}.Release|x86.ActiveCfg = Release|Any CPU
		{A10AAE48-9D41-4FEE-B6D0-2F2A58658F53}.Release|x86.Build.0 = Release|Any CPU
		{578DB48E-F630-4DF2-BD3D-AB75F321A2DF}.Debug|Any CPU.ActiveCfg = Debug|Any CPU
		{578DB48E-F630-4DF2-BD3D-AB75F321A2DF}.Debug|Any CPU.Build.0 = Debug|Any CPU
		{578DB48E-F630-4DF2-BD3D-AB75F321A2DF}.Debug|x86.ActiveCfg = Debug|Any CPU
		{578DB48E-F630-4DF2-BD3D-AB75F321A2DF}.Debug|x86.Build.0 = Debug|Any CPU
		{578DB48E-F630-4DF2-BD3D-AB75F321A2DF}.Release|Any CPU.ActiveCfg = Release|Any CPU
		{578DB48E-F630-4DF2-BD3D-AB75F321A2DF}.Release|Any CPU.Build.0 = Release|Any CPU
		{578DB48E-F630-4DF2-BD3D-AB75F321A2DF}.Release|x86.ActiveCfg = Release|Any CPU
		{578DB48E-F630-4DF2-BD3D-AB75F321A2DF}.Release|x86.Build.0 = Release|Any CPU
		{D4494E41-71C6-44B7-98F0-D1790F1C9303}.Debug|Any CPU.ActiveCfg = Debug|Any CPU
		{D4494E41-71C6-44B7-98F0-D1790F1C9303}.Debug|Any CPU.Build.0 = Debug|Any CPU
		{D4494E41-71C6-44B7-98F0-D1790F1C9303}.Debug|x86.ActiveCfg = Debug|Any CPU
		{D4494E41-71C6-44B7-98F0-D1790F1C9303}.Debug|x86.Build.0 = Debug|Any CPU
		{D4494E41-71C6-44B7-98F0-D1790F1C9303}.Release|Any CPU.ActiveCfg = Release|Any CPU
		{D4494E41-71C6-44B7-98F0-D1790F1C9303}.Release|Any CPU.Build.0 = Release|Any CPU
		{D4494E41-71C6-44B7-98F0-D1790F1C9303}.Release|x86.ActiveCfg = Release|Any CPU
		{D4494E41-71C6-44B7-98F0-D1790F1C9303}.Release|x86.Build.0 = Release|Any CPU
		{5D205475-B690-46BE-A8D7-6A4D162CB738}.Debug|Any CPU.ActiveCfg = Debug|Any CPU
		{5D205475-B690-46BE-A8D7-6A4D162CB738}.Debug|Any CPU.Build.0 = Debug|Any CPU
		{5D205475-B690-46BE-A8D7-6A4D162CB738}.Debug|x86.ActiveCfg = Debug|Any CPU
		{5D205475-B690-46BE-A8D7-6A4D162CB738}.Debug|x86.Build.0 = Debug|Any CPU
		{5D205475-B690-46BE-A8D7-6A4D162CB738}.Release|Any CPU.ActiveCfg = Release|Any CPU
		{5D205475-B690-46BE-A8D7-6A4D162CB738}.Release|Any CPU.Build.0 = Release|Any CPU
		{5D205475-B690-46BE-A8D7-6A4D162CB738}.Release|x86.ActiveCfg = Release|Any CPU
		{5D205475-B690-46BE-A8D7-6A4D162CB738}.Release|x86.Build.0 = Release|Any CPU
		{F0E7B0AF-8A92-41ED-8D5D-183BBAB103BB}.Debug|Any CPU.ActiveCfg = Debug|Any CPU
		{F0E7B0AF-8A92-41ED-8D5D-183BBAB103BB}.Debug|Any CPU.Build.0 = Debug|Any CPU
		{F0E7B0AF-8A92-41ED-8D5D-183BBAB103BB}.Debug|x86.ActiveCfg = Debug|Any CPU
		{F0E7B0AF-8A92-41ED-8D5D-183BBAB103BB}.Debug|x86.Build.0 = Debug|Any CPU
		{F0E7B0AF-8A92-41ED-8D5D-183BBAB103BB}.Release|Any CPU.ActiveCfg = Release|Any CPU
		{F0E7B0AF-8A92-41ED-8D5D-183BBAB103BB}.Release|Any CPU.Build.0 = Release|Any CPU
		{F0E7B0AF-8A92-41ED-8D5D-183BBAB103BB}.Release|x86.ActiveCfg = Release|Any CPU
		{F0E7B0AF-8A92-41ED-8D5D-183BBAB103BB}.Release|x86.Build.0 = Release|Any CPU
		{2F2016AF-CC2B-4F51-8440-D942EC73A168}.Debug|Any CPU.ActiveCfg = Debug|Any CPU
		{2F2016AF-CC2B-4F51-8440-D942EC73A168}.Debug|Any CPU.Build.0 = Debug|Any CPU
		{2F2016AF-CC2B-4F51-8440-D942EC73A168}.Debug|x86.ActiveCfg = Debug|Any CPU
		{2F2016AF-CC2B-4F51-8440-D942EC73A168}.Debug|x86.Build.0 = Debug|Any CPU
		{2F2016AF-CC2B-4F51-8440-D942EC73A168}.Release|Any CPU.ActiveCfg = Release|Any CPU
		{2F2016AF-CC2B-4F51-8440-D942EC73A168}.Release|Any CPU.Build.0 = Release|Any CPU
		{2F2016AF-CC2B-4F51-8440-D942EC73A168}.Release|x86.ActiveCfg = Release|Any CPU
		{2F2016AF-CC2B-4F51-8440-D942EC73A168}.Release|x86.Build.0 = Release|Any CPU
		{35B04F21-4198-408A-9704-584663FD3C4D}.Debug|Any CPU.ActiveCfg = Debug|Any CPU
		{35B04F21-4198-408A-9704-584663FD3C4D}.Debug|Any CPU.Build.0 = Debug|Any CPU
		{35B04F21-4198-408A-9704-584663FD3C4D}.Debug|x86.ActiveCfg = Debug|Any CPU
		{35B04F21-4198-408A-9704-584663FD3C4D}.Debug|x86.Build.0 = Debug|Any CPU
		{35B04F21-4198-408A-9704-584663FD3C4D}.Release|Any CPU.ActiveCfg = Release|Any CPU
		{35B04F21-4198-408A-9704-584663FD3C4D}.Release|Any CPU.Build.0 = Release|Any CPU
		{35B04F21-4198-408A-9704-584663FD3C4D}.Release|x86.ActiveCfg = Release|Any CPU
		{35B04F21-4198-408A-9704-584663FD3C4D}.Release|x86.Build.0 = Release|Any CPU
		{4773F5B7-8806-46DA-8F16-656B0FBA4D8E}.Debug|Any CPU.ActiveCfg = Debug|Any CPU
		{4773F5B7-8806-46DA-8F16-656B0FBA4D8E}.Debug|Any CPU.Build.0 = Debug|Any CPU
		{4773F5B7-8806-46DA-8F16-656B0FBA4D8E}.Debug|x86.ActiveCfg = Debug|Any CPU
		{4773F5B7-8806-46DA-8F16-656B0FBA4D8E}.Debug|x86.Build.0 = Debug|Any CPU
		{4773F5B7-8806-46DA-8F16-656B0FBA4D8E}.Release|Any CPU.ActiveCfg = Release|Any CPU
		{4773F5B7-8806-46DA-8F16-656B0FBA4D8E}.Release|Any CPU.Build.0 = Release|Any CPU
		{4773F5B7-8806-46DA-8F16-656B0FBA4D8E}.Release|x86.ActiveCfg = Release|Any CPU
		{4773F5B7-8806-46DA-8F16-656B0FBA4D8E}.Release|x86.Build.0 = Release|Any CPU
		{2FEA3773-5A35-4632-B54E-829CF8D50D61}.Debug|Any CPU.ActiveCfg = Debug|Any CPU
		{2FEA3773-5A35-4632-B54E-829CF8D50D61}.Debug|Any CPU.Build.0 = Debug|Any CPU
		{2FEA3773-5A35-4632-B54E-829CF8D50D61}.Debug|x86.ActiveCfg = Debug|Any CPU
		{2FEA3773-5A35-4632-B54E-829CF8D50D61}.Debug|x86.Build.0 = Debug|Any CPU
		{2FEA3773-5A35-4632-B54E-829CF8D50D61}.Release|Any CPU.ActiveCfg = Release|Any CPU
		{2FEA3773-5A35-4632-B54E-829CF8D50D61}.Release|Any CPU.Build.0 = Release|Any CPU
		{2FEA3773-5A35-4632-B54E-829CF8D50D61}.Release|x86.ActiveCfg = Release|Any CPU
		{2FEA3773-5A35-4632-B54E-829CF8D50D61}.Release|x86.Build.0 = Release|Any CPU
	EndGlobalSection
	GlobalSection(SolutionProperties) = preSolution
		HideSolutionNode = FALSE
	EndGlobalSection
	GlobalSection(NestedProjects) = preSolution
		{C8446BA3-983D-4788-9D76-B4716EEB191B} = {1EA5C531-DCB7-4F69-B8E5-20C721D62F22}
		{A10AAE48-9D41-4FEE-B6D0-2F2A58658F53} = {1EA5C531-DCB7-4F69-B8E5-20C721D62F22}
		{578DB48E-F630-4DF2-BD3D-AB75F321A2DF} = {1EA5C531-DCB7-4F69-B8E5-20C721D62F22}
		{D4494E41-71C6-44B7-98F0-D1790F1C9303} = {1EA5C531-DCB7-4F69-B8E5-20C721D62F22}
		{5D205475-B690-46BE-A8D7-6A4D162CB738} = {1EA5C531-DCB7-4F69-B8E5-20C721D62F22}
		{F0E7B0AF-8A92-41ED-8D5D-183BBAB103BB} = {1EA5C531-DCB7-4F69-B8E5-20C721D62F22}
		{2F2016AF-CC2B-4F51-8440-D942EC73A168} = {1EA5C531-DCB7-4F69-B8E5-20C721D62F22}
		{35B04F21-4198-408A-9704-584663FD3C4D} = {1EA5C531-DCB7-4F69-B8E5-20C721D62F22}
		{4773F5B7-8806-46DA-8F16-656B0FBA4D8E} = {1EA5C531-DCB7-4F69-B8E5-20C721D62F22}
		{2FEA3773-5A35-4632-B54E-829CF8D50D61} = {1EA5C531-DCB7-4F69-B8E5-20C721D62F22}
	EndGlobalSection
	GlobalSection(ExtensibilityGlobals) = postSolution
		SolutionGuid = {CA6ECE33-864B-4FE9-ADFA-4E5972403552}
	EndGlobalSection
EndGlobal
